# @generated - this file is auto-generated by `mise lock` https://mise.en.dev/dev-tools/mise-lock.html

[[tools."github:mame/wsl2-ssh-agent"]]
version = "0.9.7"
backend = "github:mame/wsl2-ssh-agent"

[tools."github:mame/wsl2-ssh-agent"."platforms.linux-x64"]
checksum = "sha256:281c64f6079598de1a455292d533f3ae21837980a3d3012074bc14ad695325d8"
url = "https://github.com/mame/wsl2-ssh-agent/releases/download/v0.9.7/wsl2-ssh-agent"
url_api = "https://api.github.com/repos/mame/wsl2-ssh-agent/releases/assets/321133717"

[tools."github:mame/wsl2-ssh-agent"."platforms.macos-arm64"]
checksum = "sha256:e9cb0347a72ca68a511e48779080b80a22af1bf670e5a52c9f35f95951ce5221"
url = "https://github.com/mame/wsl2-ssh-agent/releases/download/v0.9.7/wsl2-ssh-agent-arm64"
url_api = "https://api.github.com/repos/mame/wsl2-ssh-agent/releases/assets/321133719"

[[tools.wsl-secret-service-linux]]
version = "0.0.6"
backend = "github:akihiro/wsl-secret-service"

[tools.wsl-secret-service-linux.options]
matching = "wsl-secret-service-linux"

[tools.wsl-secret-service-linux."platforms.linux-x64"]
checksum = "sha256:38beb746e2e9fff5c97f4ed3f6247e078cfda414afc87e5934eae0367f48fbae"
url = "https://github.com/akihiro/wsl-secret-service/releases/download/v0.0.6/wsl-secret-service-linux-amd64"
url_api = "https://api.github.com/repos/akihiro/wsl-secret-service/releases/assets/383298181"

[tools.wsl-secret-service-linux."platforms.linux-x64".provenance.slsa]
url = "https://github.com/akihiro/wsl-secret-service/releases/download/v0.0.6/wsl-secret-service-linux-amd64.intoto.jsonl"

[[tools.wsl-secret-service-windows]]
version = "0.0.6"
backend = "github:akihiro/wsl-secret-service"

[tools.wsl-secret-service-windows.options]
asset_pattern = "wincred-helper-windows-amd64.exe"

[tools.wsl-secret-service-windows."platforms.linux-x64"]
checksum = "sha256:8234722cc84c79a1302da9693954195a133c5bcd8c70994295aeb6bff4ae5ab0"
url = "https://github.com/akihiro/wsl-secret-service/releases/download/v0.0.6/wincred-helper-windows-amd64.exe"
url_api = "https://api.github.com/repos/akihiro/wsl-secret-service/releases/assets/383298165"

[tools.wsl-secret-service-windows."platforms.linux-x64".provenance.slsa]
url = "https://github.com/akihiro/wsl-secret-service/releases/download/v0.0.6/wincred-helper-windows-amd64.exe.intoto.jsonl"

[[tools.wsl-secret-service-windows]]
version = "0.0.6"
backend = "github:akihiro/wsl-secret-service"
