# @generated - this file is auto-generated by `mise lock` https://mise.en.dev/dev-tools/mise-lock.html

[[tools.aube]]
version = "1.25.1"
backend = "aqua:jdx/aube"

[tools.aube."platforms.linux-x64"]
checksum = "sha256:a17b12e647cf2e60998c8f6eddfb1c0d0375196fcc7c2bf05d5fc5305744638f"
url = "https://github.com/jdx/aube/releases/download/v1.25.1/aube-v1.25.1-x86_64-unknown-linux-gnu.tar.gz"
provenance = "github-attestations"

[tools.aube."platforms.macos-arm64"]
checksum = "sha256:3d99c9c6d9d20f271312db39c46022898d765b6a407574f59d6accb0a430ee32"
url = "https://github.com/jdx/aube/releases/download/v1.25.1/aube-v1.25.1-aarch64-apple-darwin.tar.gz"
provenance = "github-attestations"

[[tools.cargo-binstall]]
version = "1.20.1"
backend = "aqua:cargo-bins/cargo-binstall"

[tools.cargo-binstall."platforms.linux-x64"]
checksum = "sha256:f12954bc382e1d0b2df3fbfb217a05d92c25570e4517841e0613499a24f4594e"
url = "https://github.com/cargo-bins/cargo-binstall/releases/download/v1.20.1/cargo-binstall-x86_64-unknown-linux-musl.tgz"
provenance = "github-attestations"

[tools.cargo-binstall."platforms.macos-arm64"]
checksum = "sha256:691c4fda20d2e58920dc056e4eb7dacec6de448bb547aca17b0ae819716ebef6"
url = "https://github.com/cargo-bins/cargo-binstall/releases/download/v1.20.1/cargo-binstall-aarch64-apple-darwin.zip"
provenance = "github-attestations"

[[tools."cargo:cargo-audit"]]
version = "0.22.2"
backend = "cargo:cargo-audit"

[[tools."cargo:cargo-auditable"]]
version = "0.7.5"
backend = "cargo:cargo-auditable"

[[tools."cargo:cargo-fuzz"]]
version = "0.13.2"
backend = "cargo:cargo-fuzz"

[[tools."cargo:cargo-insta"]]
version = "1.48.0"
backend = "cargo:cargo-insta"

[[tools."cargo:cargo-llvm-cov"]]
version = "0.8.7"
backend = "cargo:cargo-llvm-cov"

[[tools."cargo:cargo-nextest"]]
version = "0.9.138"
backend = "cargo:cargo-nextest"

[[tools."cargo:cargo-outdated"]]
version = "0.19.0"
backend = "cargo:cargo-outdated"

[[tools."cargo:cargo-udeps"]]
version = "0.1.61"
backend = "cargo:cargo-udeps"

[[tools."cargo:flamegraph"]]
version = "0.6.13"
backend = "cargo:flamegraph"

[[tools.go]]
version = "1.26.4"
backend = "core:go"

[tools.go."platforms.linux-x64"]
checksum = "sha256:1153d3d50e0ac764b447adfe05c2bcf08e889d42a02e0fe0259bd47f6733ad7f"
url = "https://dl.google.com/go/go1.26.4.linux-amd64.tar.gz"

[tools.go."platforms.macos-arm64"]
checksum = "sha256:b62ad2b6d7d2464f12a5bcad7ff47f19d08325773b5efd21610e445a05a9bf53"
url = "https://dl.google.com/go/go1.26.4.darwin-arm64.tar.gz"

[[tools."go:golang.org/x/tools/cmd/goimports"]]
version = "0.47.0"
backend = "go:golang.org/x/tools/cmd/goimports"

[[tools."go:golang.org/x/vuln/cmd/govulncheck"]]
version = "1.5.0"
backend = "go:golang.org/x/vuln/cmd/govulncheck"

[[tools."go:mvdan.cc/xurls/v2/cmd/xurls"]]
version = "2.6.0"
backend = "go:mvdan.cc/xurls/v2/cmd/xurls"

[[tools.golangci-lint]]
version = "2.12.2"
backend = "aqua:golangci/golangci-lint"

[tools.golangci-lint."platforms.linux-x64"]
checksum = "sha256:8df580d2670fed8fa984aac0507099af8df275e665215f5c7a2ae3943893a553"
url = "https://github.com/golangci/golangci-lint/releases/download/v2.12.2/golangci-lint-2.12.2-linux-amd64.tar.gz"
provenance = "github-attestations"

[tools.golangci-lint."platforms.macos-arm64"]
checksum = "sha256:a9c54498731b3128f79e090be6110f3e5fffccc617b08142ed244d4126c73f29"
url = "https://github.com/golangci/golangci-lint/releases/download/v2.12.2/golangci-lint-2.12.2-darwin-arm64.tar.gz"
provenance = "github-attestations"

[[tools.node]]
version = "24.18.0"
backend = "core:node"

[tools.node."platforms.linux-x64"]
checksum = "sha256:783130984963db7ba9cbd01089eaf2c2efb055c7c1693c943174b967b3050cb8"
url = "https://nodejs.org/dist/v24.18.0/node-v24.18.0-linux-x64.tar.gz"

[tools.node."platforms.macos-arm64"]
checksum = "sha256:e1a97e14c99c803e96c7339403282ea05a499c32f8d83defe9ef5ec66f979ed1"
url = "https://nodejs.org/dist/v24.18.0/node-v24.18.0-darwin-arm64.tar.gz"

[[tools."npm:git-recent"]]
version = "2.2.0"
backend = "npm:git-recent"

[[tools.python]]
version = "3.14.6"
backend = "core:python"

[tools.python."platforms.linux-x64"]
checksum = "sha256:0881fbde2c78605720fb2e240d1a6df38652a896e40a5fce2e10908dbee5f5b7"
url = "https://github.com/astral-sh/python-build-standalone/releases/download/20260610/cpython-3.14.6+20260610-x86_64-unknown-linux-gnu-install_only_stripped.tar.gz"
provenance = "github-attestations"

[tools.python."platforms.macos-arm64"]
checksum = "sha256:875516e13be36296f8f7dd0972b22ba3bed069ed08d27d5f0069caf227522921"
url = "https://github.com/astral-sh/python-build-standalone/releases/download/20260610/cpython-3.14.6+20260610-aarch64-apple-darwin-install_only_stripped.tar.gz"
provenance = "github-attestations"

[[tools.rust]]
version = "stable"
backend = "core:rust"

[tools.rust.options]
components = "rust-analyzer,rust-src"

[[tools.uv]]
version = "0.11.26"
backend = "aqua:astral-sh/uv"

[tools.uv."platforms.linux-x64"]
checksum = "sha256:62bf1a53501adf4083224b69b33737450ac516935f5a5e483e9dfaf2665084de"
url = "https://github.com/astral-sh/uv/releases/download/0.11.26/uv-x86_64-unknown-linux-musl.tar.gz"
provenance = "github-attestations"

[tools.uv."platforms.macos-arm64"]
checksum = "sha256:8f7fbf1708399b921857bce71e1d60f0d3ccf52a30caebc1c1a2f175dce13ab6"
url = "https://github.com/astral-sh/uv/releases/download/0.11.26/uv-aarch64-apple-darwin.tar.gz"
provenance = "github-attestations"
