# @generated - this file is auto-generated by `mise lock` https://mise.en.dev/dev-tools/mise-lock.html

[[tools.aube]]
version = "1.22.0"
backend = "aqua:jdx/aube"

[tools.aube."platforms.linux-x64"]
checksum = "sha256:bb8eeed5226d38fdc1f9e1665c071347c07b08a31675371a9062ea742253401a"
url = "https://github.com/jdx/aube/releases/download/v1.22.0/aube-v1.22.0-x86_64-unknown-linux-gnu.tar.gz"
provenance = "github-attestations"

[tools.aube."platforms.macos-arm64"]
checksum = "sha256:1ca59b6c9e338dc0bf4df850a2a314bec8fd82a618532c6dfc6878812fa89326"
url = "https://github.com/jdx/aube/releases/download/v1.22.0/aube-v1.22.0-aarch64-apple-darwin.tar.gz"
provenance = "github-attestations"

[[tools.cargo-binstall]]
version = "1.20.0"
backend = "aqua:cargo-bins/cargo-binstall"

[tools.cargo-binstall."platforms.linux-x64"]
checksum = "sha256:4d7875788d0505547c220d2b02d3619aac0dd19b7033eba7005a8d09ff1dc433"
url = "https://github.com/cargo-bins/cargo-binstall/releases/download/v1.20.0/cargo-binstall-x86_64-unknown-linux-musl.tgz"
provenance = "github-attestations"

[tools.cargo-binstall."platforms.macos-arm64"]
checksum = "sha256:24a9cbf1e4c238881f408d7cca11f4aafba1fdeb0e518887638af5dd40e6ac3d"
url = "https://github.com/cargo-bins/cargo-binstall/releases/download/v1.20.0/cargo-binstall-aarch64-apple-darwin.zip"
provenance = "github-attestations"

[[tools."cargo:cargo-audit"]]
version = "0.22.2"
backend = "cargo:cargo-audit"

[[tools."cargo:cargo-auditable"]]
version = "0.7.4"
backend = "cargo:cargo-auditable"

[[tools."cargo:cargo-fuzz"]]
version = "0.13.2"
backend = "cargo:cargo-fuzz"

[[tools."cargo:cargo-llvm-cov"]]
version = "0.8.7"
backend = "cargo:cargo-llvm-cov"

[[tools."cargo:cargo-outdated"]]
version = "0.19.0"
backend = "cargo:cargo-outdated"

[[tools."cargo:cargo-udeps"]]
version = "0.1.61"
backend = "cargo:cargo-udeps"

[[tools."cargo:flamegraph"]]
version = "0.6.13"
backend = "cargo:flamegraph"

[[tools.go]]
version = "1.26.4"
backend = "core:go"

[tools.go."platforms.linux-x64"]
checksum = "sha256:1153d3d50e0ac764b447adfe05c2bcf08e889d42a02e0fe0259bd47f6733ad7f"
url = "https://dl.google.com/go/go1.26.4.linux-amd64.tar.gz"

[tools.go."platforms.macos-arm64"]
checksum = "sha256:b62ad2b6d7d2464f12a5bcad7ff47f19d08325773b5efd21610e445a05a9bf53"
url = "https://dl.google.com/go/go1.26.4.darwin-arm64.tar.gz"

[[tools."go:golang.org/x/tools/cmd/goimports"]]
version = "0.46.0"
backend = "go:golang.org/x/tools/cmd/goimports"

[[tools."go:golang.org/x/vuln/cmd/govulncheck"]]
version = "1.4.0"
backend = "go:golang.org/x/vuln/cmd/govulncheck"

[[tools."go:mvdan.cc/xurls/v2/cmd/xurls"]]
version = "2.6.0"
backend = "go:mvdan.cc/xurls/v2/cmd/xurls"

[[tools.golangci-lint]]
version = "2.12.2"
backend = "aqua:golangci/golangci-lint"

[tools.golangci-lint."platforms.linux-x64"]
checksum = "sha256:8df580d2670fed8fa984aac0507099af8df275e665215f5c7a2ae3943893a553"
url = "https://github.com/golangci/golangci-lint/releases/download/v2.12.2/golangci-lint-2.12.2-linux-amd64.tar.gz"
provenance = "github-attestations"

[tools.golangci-lint."platforms.macos-arm64"]
checksum = "sha256:a9c54498731b3128f79e090be6110f3e5fffccc617b08142ed244d4126c73f29"
url = "https://github.com/golangci/golangci-lint/releases/download/v2.12.2/golangci-lint-2.12.2-darwin-arm64.tar.gz"
provenance = "github-attestations"

[[tools.node]]
version = "24.17.0"
backend = "core:node"

[tools.node."platforms.linux-x64"]
checksum = "sha256:e0472427aa791ad80bdc426ff7cc73cdd28ed0f616d1ff9689a23a7f47f1265f"
url = "https://nodejs.org/dist/v24.17.0/node-v24.17.0-linux-x64.tar.gz"

[tools.node."platforms.macos-arm64"]
checksum = "sha256:4fc3266a3702eebc39cc37661cf4eeceeade307e242ab64e4d7ce7949197e11f"
url = "https://nodejs.org/dist/v24.17.0/node-v24.17.0-darwin-arm64.tar.gz"

[[tools."npm:git-recent"]]
version = "2.2.0"
backend = "npm:git-recent"

[[tools.python]]
version = "3.14.6"
backend = "core:python"

[tools.python."platforms.linux-x64"]
checksum = "sha256:0881fbde2c78605720fb2e240d1a6df38652a896e40a5fce2e10908dbee5f5b7"
url = "https://github.com/astral-sh/python-build-standalone/releases/download/20260610/cpython-3.14.6+20260610-x86_64-unknown-linux-gnu-install_only_stripped.tar.gz"
provenance = "github-attestations"

[tools.python."platforms.macos-arm64"]
checksum = "sha256:875516e13be36296f8f7dd0972b22ba3bed069ed08d27d5f0069caf227522921"
url = "https://github.com/astral-sh/python-build-standalone/releases/download/20260610/cpython-3.14.6+20260610-aarch64-apple-darwin-install_only_stripped.tar.gz"
provenance = "github-attestations"

[[tools.rust]]
version = "stable"
backend = "core:rust"

[tools.rust.options]
components = "rust-analyzer,rust-src"

[[tools.uv]]
version = "0.11.23"
backend = "aqua:astral-sh/uv"

[tools.uv."platforms.linux-x64"]
checksum = "sha256:6be47081100ff1ce0ac7e85ba2ac12e32f2ffa6f946d78bf7f24ee9ce3a46181"
url = "https://github.com/astral-sh/uv/releases/download/0.11.23/uv-x86_64-unknown-linux-musl.tar.gz"
provenance = "github-attestations"

[tools.uv."platforms.macos-arm64"]
checksum = "sha256:71ef9de85db820749b3b12b7585624ee279e9c5afcbc6f8236bc3d628c4305b0"
url = "https://github.com/astral-sh/uv/releases/download/0.11.23/uv-aarch64-apple-darwin.tar.gz"
provenance = "github-attestations"
